<?xml version="1.0" encoding="utf-8"?>
<Project ToolsVersion="4.0" xmlns="http://schemas.microsoft.com/developer/msbuild/2003">
  <ItemGroup>
    <Filter Include="Source Files">
      <UniqueIdentifier>{4FC737F1-C7A5-4376-A066-2A32D752A2FF}</UniqueIdentifier>
      <Extensions>cpp;c;cc;cxx;def;odl;idl;hpj;bat;asm;asmx</Extensions>
    </Filter>
    <Filter Include="Header Files">
      <UniqueIdentifier>{93995380-89BD-4b04-88EB-625FBE52EBFB}</UniqueIdentifier>
      <Extensions>h;hh;hpp;hxx;hm;inl;inc;xsd</Extensions>
    </Filter>
    <Filter Include="Resource Files">
      <UniqueIdentifier>{67DA6AB6-F800-4c08-8B7A-83BB121AAD01}</UniqueIdentifier>
      <Extensions>rc;ico;cur;bmp;dlg;rc2;rct;bin;rgs;gif;jpg;jpeg;jpe;resx;tiff;tif;png;wav;mfcribbon-ms</Extensions>
    </Filter>
    <Filter Include="BWEM">
      <UniqueIdentifier>{a4cf1dbb-1a5d-41f9-abed-9328a650ebf6}</UniqueIdentifier>
    </Filter>
    <Filter Include="Header Files\BuildOrders">
      <UniqueIdentifier>{3e1b9fbe-5159-4f95-b84d-ecd55b2a2fb9}</UniqueIdentifier>
    </Filter>
    <Filter Include="Source Files\BuildOrders">
      <UniqueIdentifier>{24ad483c-ced5-45bd-afb0-9ac3820a9f55}</UniqueIdentifier>
    </Filter>
    <Filter Include="Header Files\Banker">
      <UniqueIdentifier>{f60317fc-18f3-4b37-a077-096cd00eb0eb}</UniqueIdentifier>
    </Filter>
    <Filter Include="Source Files\Banker">
      <UniqueIdentifier>{f0f69a3d-8c1b-451c-9f3d-8f2fb43973e7}</UniqueIdentifier>
    </Filter>
  </ItemGroup>
  <ItemGroup>
    <ClCompile Include="Dll.cpp">
      <Filter>Source Files</Filter>
    </ClCompile>
    <ClCompile Include="Clarence.cpp">
      <Filter>Source Files</Filter>
    </ClCompile>
    <ClCompile Include="BWEM 1.4.1\src\area.cpp">
      <Filter>BWEM</Filter>
    </ClCompile>
    <ClCompile Include="BWEM 1.4.1\src\base.cpp">
      <Filter>BWEM</Filter>
    </ClCompile>
    <ClCompile Include="BWEM 1.4.1\src\bwapiExt.cpp">
      <Filter>BWEM</Filter>
    </ClCompile>
    <ClCompile Include="BWEM 1.4.1\src\bwem.cpp">
      <Filter>BWEM</Filter>
    </ClCompile>
    <ClCompile Include="BWEM 1.4.1\src\cp.cpp">
      <Filter>BWEM</Filter>
    </ClCompile>
    <ClCompile Include="BWEM 1.4.1\src\examples.cpp">
      <Filter>BWEM</Filter>
    </ClCompile>
    <ClCompile Include="BWEM 1.4.1\src\exampleWall.cpp">
      <Filter>BWEM</Filter>
    </ClCompile>
    <ClCompile Include="BWEM 1.4.1\src\graph.cpp">
      <Filter>BWEM</Filter>
    </ClCompile>
    <ClCompile Include="BWEM 1.4.1\src\gridMap.cpp">
      <Filter>BWEM</Filter>
    </ClCompile>
    <ClCompile Include="BWEM 1.4.1\src\map.cpp">
      <Filter>BWEM</Filter>
    </ClCompile>
    <ClCompile Include="BWEM 1.4.1\src\mapDrawer.cpp">
      <Filter>BWEM</Filter>
    </ClCompile>
    <ClCompile Include="BWEM 1.4.1\src\mapImpl.cpp">
      <Filter>BWEM</Filter>
    </ClCompile>
    <ClCompile Include="BWEM 1.4.1\src\mapPrinter.cpp">
      <Filter>BWEM</Filter>
    </ClCompile>
    <ClCompile Include="BWEM 1.4.1\src\neutral.cpp">
      <Filter>BWEM</Filter>
    </ClCompile>
    <ClCompile Include="BWEM 1.4.1\src\tiles.cpp">
      <Filter>BWEM</Filter>
    </ClCompile>
    <ClCompile Include="BWEM 1.4.1\src\utils.cpp">
      <Filter>BWEM</Filter>
    </ClCompile>
    <ClCompile Include="BWEM 1.4.1\src\winutils.cpp">
      <Filter>BWEM</Filter>
    </ClCompile>
    <ClCompile Include="BWEM 1.4.1\EasyBMP_1.06\EasyBMP.cpp">
      <Filter>BWEM</Filter>
    </ClCompile>
    <ClCompile Include="BuildAction.cpp">
      <Filter>Source Files\BuildOrders</Filter>
    </ClCompile>
    <ClCompile Include="BuildCondition.cpp">
      <Filter>Source Files\BuildOrders</Filter>
    </ClCompile>
    <ClCompile Include="BuildOrderStep.cpp">
      <Filter>Source Files\BuildOrders</Filter>
    </ClCompile>
    <ClCompile Include="BuildOrders.cpp">
      <Filter>Source Files\BuildOrders</Filter>
    </ClCompile>
    <ClCompile Include="BuildManager.cpp">
      <Filter>Source Files</Filter>
    </ClCompile>
    <ClCompile Include="Banker.cpp">
      <Filter>Source Files\Banker</Filter>
    </ClCompile>
    <ClCompile Include="Prioritizer.cpp">
      <Filter>Source Files\Banker</Filter>
    </ClCompile>
    <ClCompile Include="Ticket.cpp">
      <Filter>Source Files\Banker</Filter>
    </ClCompile>
    <ClCompile Include="Bill.cpp">
      <Filter>Source Files\Banker</Filter>
    </ClCompile>
  </ItemGroup>
  <ItemGroup>
    <ClInclude Include="Clarence.h">
      <Filter>Header Files</Filter>
    </ClInclude>
    <ClInclude Include="BWEM 1.4.1\src\area.h">
      <Filter>BWEM</Filter>
    </ClInclude>
    <ClInclude Include="BWEM 1.4.1\src\base.h">
      <Filter>BWEM</Filter>
    </ClInclude>
    <ClInclude Include="BWEM 1.4.1\src\bwapiExt.h">
      <Filter>BWEM</Filter>
    </ClInclude>
    <ClInclude Include="BWEM 1.4.1\src\bwem.h">
      <Filter>BWEM</Filter>
    </ClInclude>
    <ClInclude Include="BWEM 1.4.1\src\cp.h">
      <Filter>BWEM</Filter>
    </ClInclude>
    <ClInclude Include="BWEM 1.4.1\src\defs.h">
      <Filter>BWEM</Filter>
    </ClInclude>
    <ClInclude Include="BWEM 1.4.1\src\examples.h">
      <Filter>BWEM</Filter>
    </ClInclude>
    <ClInclude Include="BWEM 1.4.1\src\exampleWall.h">
      <Filter>BWEM</Filter>
    </ClInclude>
    <ClInclude Include="BWEM 1.4.1\src\graph.h">
      <Filter>BWEM</Filter>
    </ClInclude>
    <ClInclude Include="BWEM 1.4.1\src\gridMap.h">
      <Filter>BWEM</Filter>
    </ClInclude>
    <ClInclude Include="BWEM 1.4.1\src\map.h">
      <Filter>BWEM</Filter>
    </ClInclude>
    <ClInclude Include="BWEM 1.4.1\src\mapDrawer.h">
      <Filter>BWEM</Filter>
    </ClInclude>
    <ClInclude Include="BWEM 1.4.1\src\mapImpl.h">
      <Filter>BWEM</Filter>
    </ClInclude>
    <ClInclude Include="BWEM 1.4.1\src\mapPrinter.h">
      <Filter>BWEM</Filter>
    </ClInclude>
    <ClInclude Include="BWEM 1.4.1\src\neutral.h">
      <Filter>BWEM</Filter>
    </ClInclude>
    <ClInclude Include="BWEM 1.4.1\src\tiles.h">
      <Filter>BWEM</Filter>
    </ClInclude>
    <ClInclude Include="BWEM 1.4.1\src\utils.h">
      <Filter>BWEM</Filter>
    </ClInclude>
    <ClInclude Include="BWEM 1.4.1\src\winutils.h">
      <Filter>BWEM</Filter>
    </ClInclude>
    <ClInclude Include="BWEM 1.4.1\EasyBMP_1.06\EasyBMP.h">
      <Filter>BWEM</Filter>
    </ClInclude>
    <ClInclude Include="BuildAction.h">
      <Filter>Header Files\BuildOrders</Filter>
    </ClInclude>
    <ClInclude Include="BuildCondition.h">
      <Filter>Header Files\BuildOrders</Filter>
    </ClInclude>
    <ClInclude Include="BuildOrderStep.h">
      <Filter>Header Files\BuildOrders</Filter>
    </ClInclude>
    <ClInclude Include="BuildOrders.h">
      <Filter>Header Files\BuildOrders</Filter>
    </ClInclude>
    <ClInclude Include="BuildManager.h">
      <Filter>Header Files</Filter>
    </ClInclude>
    <ClInclude Include="Banker.h">
      <Filter>Header Files\Banker</Filter>
    </ClInclude>
    <ClInclude Include="Prioritizer.h">
      <Filter>Header Files\Banker</Filter>
    </ClInclude>
    <ClInclude Include="Ticket.h">
      <Filter>Header Files\Banker</Filter>
    </ClInclude>
    <ClInclude Include="Bill.h">
      <Filter>Header Files\Banker</Filter>
    </ClInclude>
  </ItemGroup>
</Project>